
Microsoft Visual Studio Solution File, Format Version 12.00
# Visual Studio 15
VisualStudioVersion = 15.0.27004.2005
MinimumVisualStudioVersion = 10.0.40219.1
Project("{FAE04EC0-301F-11D3-BF4B-00C04F79EFBC}") = "RgrFm.Android", "RgrFm\RgrFm.Android\RgrFm.Android.csproj", "{8EA1B12F-7470-4680-8F22-DF46BDD0AF40}"
EndProject
Project("{FAE04EC0-301F-11D3-BF4B-00C04F79EFBC}") = "RgrFm.iOS", "RgrFm\RgrFm.iOS\RgrFm.iOS.csproj", "{54D4F1D5-06FF-4A02-8B49-FCCCE9C8114E}"
EndProject
Project("{FAE04EC0-301F-11D3-BF4B-00C04F79EFBC}") = "RgrFm.UWP", "RgrFm\RgrFm.UWP\RgrFm.UWP.csproj", "{EA91976A-34B0-465A-8F01-435CC049C94E}"
EndProject
Project("{FAE04EC0-301F-11D3-BF4B-00C04F79EFBC}") = "RgrFm", "RgrFm\RgrFm\RgrFm.csproj", "{B083609A-A98F-4F73-950D-A568E0688990}"
EndProject
Global
	GlobalSection(SolutionConfigurationPlatforms) = preSolution
		Debug|Any CPU = Debug|Any CPU
		Debug|ARM = Debug|ARM
		Debug|iPhone = Debug|iPhone
		Debug|iPhoneSimulator = Debug|iPhoneSimulator
		Debug|x64 = Debug|x64
		Debug|x86 = Debug|x86
		Release|Any CPU = Release|Any CPU
		Release|ARM = Release|ARM
		Release|iPhone = Release|iPhone
		Release|iPhoneSimulator = Release|iPhoneSimulator
		Release|x64 = Release|x64
		Release|x86 = Release|x86
	EndGlobalSection
	GlobalSection(ProjectConfigurationPlatforms) = postSolution
		{8EA1B12F-7470-4680-8F22-DF46BDD0AF40}.Debug|Any CPU.ActiveCfg = Debug|Any CPU
		{8EA1B12F-7470-4680-8F22-DF46BDD0AF40}.Debug|Any CPU.Build.0 = Debug|Any CPU
		{8EA1B12F-7470-4680-8F22-DF46BDD0AF40}.Debug|Any CPU.Deploy.0 = Debug|Any CPU
		{8EA1B12F-7470-4680-8F22-DF46BDD0AF40}.Debug|ARM.ActiveCfg = Debug|Any CPU
		{8EA1B12F-7470-4680-8F22-DF46BDD0AF40}.Debug|ARM.Build.0 = Debug|Any CPU
		{8EA1B12F-7470-4680-8F22-DF46BDD0AF40}.Debug|ARM.Deploy.0 = Debug|Any CPU
		{8EA1B12F-7470-4680-8F22-DF46BDD0AF40}.Debug|iPhone.ActiveCfg = Debug|Any CPU
		{8EA1B12F-7470-4680-8F22-DF46BDD0AF40}.Debug|iPhone.Build.0 = Debug|Any CPU
		{8EA1B12F-7470-4680-8F22-DF46BDD0AF40}.Debug|iPhone.Deploy.0 = Debug|Any CPU
		{8EA1B12F-7470-4680-8F22-DF46BDD0AF40}.Debug|iPhoneSimulator.ActiveCfg = Debug|Any CPU
		{8EA1B12F-7470-4680-8F22-DF46BDD0AF40}.Debug|iPhoneSimulator.Build.0 = Debug|Any CPU
		{8EA1B12F-7470-4680-8F22-DF46BDD0AF40}.Debug|iPhoneSimulator.Deploy.0 = Debug|Any CPU
		{8EA1B12F-7470-4680-8F22-DF46BDD0AF40}.Debug|x64.ActiveCfg = Debug|Any CPU
		{8EA1B12F-7470-4680-8F22-DF46BDD0AF40}.Debug|x64.Build.0 = Debug|Any CPU
		{8EA1B12F-7470-4680-8F22-DF46BDD0AF40}.Debug|x64.Deploy.0 = Debug|Any CPU
		{8EA1B12F-7470-4680-8F22-DF46BDD0AF40}.Debug|x86.ActiveCfg = Debug|Any CPU
		{8EA1B12F-7470-4680-8F22-DF46BDD0AF40}.Debug|x86.Build.0 = Debug|Any CPU
		{8EA1B12F-7470-4680-8F22-DF46BDD0AF40}.Debug|x86.Deploy.0 = Debug|Any CPU
		{8EA1B12F-7470-4680-8F22-DF46BDD0AF40}.Release|Any CPU.ActiveCfg = Release|Any CPU
		{8EA1B12F-7470-4680-8F22-DF46BDD0AF40}.Release|Any CPU.Build.0 = Release|Any CPU
		{8EA1B12F-7470-4680-8F22-DF46BDD0AF40}.Release|Any CPU.Deploy.0 = Release|Any CPU
		{8EA1B12F-7470-4680-8F22-DF46BDD0AF40}.Release|ARM.ActiveCfg = Release|Any CPU
		{8EA1B12F-7470-4680-8F22-DF46BDD0AF40}.Release|ARM.Build.0 = Release|Any CPU
		{8EA1B12F-7470-4680-8F22-DF46BDD0AF40}.Release|ARM.Deploy.0 = Release|Any CPU
		{8EA1B12F-7470-4680-8F22-DF46BDD0AF40}.Release|iPhone.ActiveCfg = Release|Any CPU
		{8EA1B12F-7470-4680-8F22-DF46BDD0AF40}.Release|iPhone.Build.0 = Release|Any CPU
		{8EA1B12F-7470-4680-8F22-DF46BDD0AF40}.Release|iPhone.Deploy.0 = Release|Any CPU
		{8EA1B12F-7470-4680-8F22-DF46BDD0AF40}.Release|iPhoneSimulator.ActiveCfg = Release|Any CPU
		{8EA1B12F-7470-4680-8F22-DF46BDD0AF40}.Release|iPhoneSimulator.Build.0 = Release|Any CPU
		{8EA1B12F-7470-4680-8F22-DF46BDD0AF40}.Release|iPhoneSimulator.Deploy.0 = Release|Any CPU
		{8EA1B12F-7470-4680-8F22-DF46BDD0AF40}.Release|x64.ActiveCfg = Release|Any CPU
		{8EA1B12F-7470-4680-8F22-DF46BDD0AF40}.Release|x64.Build.0 = Release|Any CPU
		{8EA1B12F-7470-4680-8F22-DF46BDD0AF40}.Release|x64.Deploy.0 = Release|Any CPU
		{8EA1B12F-7470-4680-8F22-DF46BDD0AF40}.Release|x86.ActiveCfg = Release|Any CPU
		{8EA1B12F-7470-4680-8F22-DF46BDD0AF40}.Release|x86.Build.0 = Release|Any CPU
		{8EA1B12F-7470-4680-8F22-DF46BDD0AF40}.Release|x86.Deploy.0 = Release|Any CPU
		{54D4F1D5-06FF-4A02-8B49-FCCCE9C8114E}.Debug|Any CPU.ActiveCfg = Debug|iPhoneSimulator
		{54D4F1D5-06FF-4A02-8B49-FCCCE9C8114E}.Debug|ARM.ActiveCfg = Debug|iPhone
		{54D4F1D5-06FF-4A02-8B49-FCCCE9C8114E}.Debug|iPhone.ActiveCfg = Debug|iPhone
		{54D4F1D5-06FF-4A02-8B49-FCCCE9C8114E}.Debug|iPhone.Build.0 = Debug|iPhone
		{54D4F1D5-06FF-4A02-8B49-FCCCE9C8114E}.Debug|iPhoneSimulator.ActiveCfg = Debug|iPhoneSimulator
		{54D4F1D5-06FF-4A02-8B49-FCCCE9C8114E}.Debug|iPhoneSimulator.Build.0 = Debug|iPhoneSimulator
		{54D4F1D5-06FF-4A02-8B49-FCCCE9C8114E}.Debug|x64.ActiveCfg = Debug|iPhone
		{54D4F1D5-06FF-4A02-8B49-FCCCE9C8114E}.Debug|x86.ActiveCfg = Debug|iPhone
		{54D4F1D5-06FF-4A02-8B49-FCCCE9C8114E}.Release|Any CPU.ActiveCfg = Release|iPhoneSimulator
		{54D4F1D5-06FF-4A02-8B49-FCCCE9C8114E}.Release|ARM.ActiveCfg = Release|iPhone
		{54D4F1D5-06FF-4A02-8B49-FCCCE9C8114E}.Release|iPhone.ActiveCfg = Release|iPhone
		{54D4F1D5-06FF-4A02-8B49-FCCCE9C8114E}.Release|iPhone.Build.0 = Release|iPhone
		{54D4F1D5-06FF-4A02-8B49-FCCCE9C8114E}.Release|iPhoneSimulator.ActiveCfg = Release|iPhoneSimulator
		{54D4F1D5-06FF-4A02-8B49-FCCCE9C8114E}.Release|iPhoneSimulator.Build.0 = Release|iPhoneSimulator
		{54D4F1D5-06FF-4A02-8B49-FCCCE9C8114E}.Release|x64.ActiveCfg = Release|iPhone
		{54D4F1D5-06FF-4A02-8B49-FCCCE9C8114E}.Release|x86.ActiveCfg = Release|iPhone
		{EA91976A-34B0-465A-8F01-435CC049C94E}.Debug|Any CPU.ActiveCfg = Debug|x86
		{EA91976A-34B0-465A-8F01-435CC049C94E}.Debug|ARM.ActiveCfg = Debug|ARM
		{EA91976A-34B0-465A-8F01-435CC049C94E}.Debug|ARM.Build.0 = Debug|ARM
		{EA91976A-34B0-465A-8F01-435CC049C94E}.Debug|ARM.Deploy.0 = Debug|ARM
		{EA91976A-34B0-465A-8F01-435CC049C94E}.Debug|iPhone.ActiveCfg = Debug|x86
		{EA91976A-34B0-465A-8F01-435CC049C94E}.Debug|iPhoneSimulator.ActiveCfg = Debug|x86
		{EA91976A-34B0-465A-8F01-435CC049C94E}.Debug|x64.ActiveCfg = Debug|x64
		{EA91976A-34B0-465A-8F01-435CC049C94E}.Debug|x64.Build.0 = Debug|x64
		{EA91976A-34B0-465A-8F01-435CC049C94E}.Debug|x64.Deploy.0 = Debug|x64
		{EA91976A-34B0-465A-8F01-435CC049C94E}.Debug|x86.ActiveCfg = Debug|x86
		{EA91976A-34B0-465A-8F01-435CC049C94E}.Debug|x86.Build.0 = Debug|x86
		{EA91976A-34B0-465A-8F01-435CC049C94E}.Debug|x86.Deploy.0 = Debug|x86
		{EA91976A-34B0-465A-8F01-435CC049C94E}.Release|Any CPU.ActiveCfg = Release|x86
		{EA91976A-34B0-465A-8F01-435CC049C94E}.Release|ARM.ActiveCfg = Release|ARM
		{EA91976A-34B0-465A-8F01-435CC049C94E}.Release|ARM.Build.0 = Release|ARM
		{EA91976A-34B0-465A-8F01-435CC049C94E}.Release|ARM.Deploy.0 = Release|ARM
		{EA91976A-34B0-465A-8F01-435CC049C94E}.Release|iPhone.ActiveCfg = Release|x86
		{EA91976A-34B0-465A-8F01-435CC049C94E}.Release|iPhoneSimulator.ActiveCfg = Release|x86
		{EA91976A-34B0-465A-8F01-435CC049C94E}.Release|x64.ActiveCfg = Release|x64
		{EA91976A-34B0-465A-8F01-435CC049C94E}.Release|x64.Build.0 = Release|x64
		{EA91976A-34B0-465A-8F01-435CC049C94E}.Release|x64.Deploy.0 = Release|x64
		{EA91976A-34B0-465A-8F01-435CC049C94E}.Release|x86.ActiveCfg = Release|x86
		{EA91976A-34B0-465A-8F01-435CC049C94E}.Release|x86.Build.0 = Release|x86
		{EA91976A-34B0-465A-8F01-435CC049C94E}.Release|x86.Deploy.0 = Release|x86
		{B083609A-A98F-4F73-950D-A568E0688990}.Debug|Any CPU.ActiveCfg = Debug|Any CPU
		{B083609A-A98F-4F73-950D-A568E0688990}.Debug|Any CPU.Build.0 = Debug|Any CPU
		{B083609A-A98F-4F73-950D-A568E0688990}.Debug|ARM.ActiveCfg = Debug|Any CPU
		{B083609A-A98F-4F73-950D-A568E0688990}.Debug|ARM.Build.0 = Debug|Any CPU
		{B083609A-A98F-4F73-950D-A568E0688990}.Debug|iPhone.ActiveCfg = Debug|Any CPU
		{B083609A-A98F-4F73-950D-A568E0688990}.Debug|iPhone.Build.0 = Debug|Any CPU
		{B083609A-A98F-4F73-950D-A568E0688990}.Debug|iPhoneSimulator.ActiveCfg = Debug|Any CPU
		{B083609A-A98F-4F73-950D-A568E0688990}.Debug|iPhoneSimulator.Build.0 = Debug|Any CPU
		{B083609A-A98F-4F73-950D-A568E0688990}.Debug|x64.ActiveCfg = Debug|Any CPU
		{B083609A-A98F-4F73-950D-A568E0688990}.Debug|x64.Build.0 = Debug|Any CPU
		{B083609A-A98F-4F73-950D-A568E0688990}.Debug|x86.ActiveCfg = Debug|Any CPU
		{B083609A-A98F-4F73-950D-A568E0688990}.Debug|x86.Build.0 = Debug|Any CPU
		{B083609A-A98F-4F73-950D-A568E0688990}.Release|Any CPU.ActiveCfg = Release|Any CPU
		{B083609A-A98F-4F73-950D-A568E0688990}.Release|Any CPU.Build.0 = Release|Any CPU
		{B083609A-A98F-4F73-950D-A568E0688990}.Release|ARM.ActiveCfg = Release|Any CPU
		{B083609A-A98F-4F73-950D-A568E0688990}.Release|ARM.Build.0 = Release|Any CPU
		{B083609A-A98F-4F73-950D-A568E0688990}.Release|iPhone.ActiveCfg = Release|Any CPU
		{B083609A-A98F-4F73-950D-A568E0688990}.Release|iPhone.Build.0 = Release|Any CPU
		{B083609A-A98F-4F73-950D-A568E0688990}.Release|iPhoneSimulator.ActiveCfg = Release|Any CPU
		{B083609A-A98F-4F73-950D-A568E0688990}.Release|iPhoneSimulator.Build.0 = Release|Any CPU
		{B083609A-A98F-4F73-950D-A568E0688990}.Release|x64.ActiveCfg = Release|Any CPU
		{B083609A-A98F-4F73-950D-A568E0688990}.Release|x64.Build.0 = Release|Any CPU
		{B083609A-A98F-4F73-950D-A568E0688990}.Release|x86.ActiveCfg = Release|Any CPU
		{B083609A-A98F-4F73-950D-A568E0688990}.Release|x86.Build.0 = Release|Any CPU
	EndGlobalSection
	GlobalSection(SolutionProperties) = preSolution
		HideSolutionNode = FALSE
	EndGlobalSection
	GlobalSection(ExtensibilityGlobals) = postSolution
		SolutionGuid = {9D45054B-4244-414E-A2CF-A1B600AB9E35}
	EndGlobalSection
EndGlobal
